// !$*UTF8*$!
{
	archiveVersion = 1;
	classes = {
	};
	objectVersion = 56;
	objects = {

/* Begin PBXBuildFile section */
		314C12A72BC40BDE009BC923 /* UserViewModel.swift in Sources */ = {isa = PBXBuildFile; fileRef = 314C12A32BC40BDE009BC923 /* UserViewModel.swift */; };
		314C12A82BC40BDE009BC923 /* LoginView.swift in Sources */ = {isa = PBXBuildFile; fileRef = 314C12A42BC40BDE009BC923 /* LoginView.swift */; };
		314C12A92BC40BDE009BC923 /* CreateAccountView.swift in Sources */ = {isa = PBXBuildFile; fileRef = 314C12A52BC40BDE009BC923 /* CreateAccountView.swift */; };
		314C12AA2BC40BDE009BC923 /* User.swift in Sources */ = {isa = PBXBuildFile; fileRef = 314C12A62BC40BDE009BC923 /* User.swift */; };
		315811F22BBF56E700E89481 /* Frisor_PlusApp.swift in Sources */ = {isa = PBXBuildFile; fileRef = 315811F12BBF56E700E89481 /* Frisor_PlusApp.swift */; };
		315811F42BBF56E700E89481 /* ContentView.swift in Sources */ = {isa = PBXBuildFile; fileRef = 315811F32BBF56E700E89481 /* ContentView.swift */; };
		315811F62BBF56F900E89481 /* Assets.xcassets in Resources */ = {isa = PBXBuildFile; fileRef = 315811F52BBF56F900E89481 /* Assets.xcassets */; };
		315811F92BBF56F900E89481 /* Preview Assets.xcassets in Resources */ = {isa = PBXBuildFile; fileRef = 315811F82BBF56F900E89481 /* Preview Assets.xcassets */; };
		315812032BBF56FB00E89481 /* Frisor_PlusTests.swift in Sources */ = {isa = PBXBuildFile; fileRef = 315812022BBF56FB00E89481 /* Frisor_PlusTests.swift */; };
		3158120D2BBF56FC00E89481 /* Frisor_PlusUITests.swift in Sources */ = {isa = PBXBuildFile; fileRef = 3158120C2BBF56FC00E89481 /* Frisor_PlusUITests.swift */; };
		3158120F2BBF56FC00E89481 /* Frisor_PlusUITestsLaunchTests.swift in Sources */ = {isa = PBXBuildFile; fileRef = 3158120E2BBF56FC00E89481 /* Frisor_PlusUITestsLaunchTests.swift */; };
		31C946832BC3DEB4003ACF12 /* GoogleService-Info.plist in Resources */ = {isa = PBXBuildFile; fileRef = 31C946822BC3DEB4003ACF12 /* GoogleService-Info.plist */; };
		31C946862BC3DFE4003ACF12 /* FirebaseAnalytics in Frameworks */ = {isa = PBXBuildFile; productRef = 31C946852BC3DFE4003ACF12 /* FirebaseAnalytics */; };
		31C946882BC3DFE4003ACF12 /* FirebaseAuth in Frameworks */ = {isa = PBXBuildFile; productRef = 31C946872BC3DFE4003ACF12 /* FirebaseAuth */; };
		31C9468A2BC3DFE4003ACF12 /* FirebaseDatabase in Frameworks */ = {isa = PBXBuildFile; productRef = 31C946892BC3DFE4003ACF12 /* FirebaseDatabase */; };
		31C9468C2BC3DFE4003ACF12 /* FirebaseDatabaseSwift in Frameworks */ = {isa = PBXBuildFile; productRef = 31C9468B2BC3DFE4003ACF12 /* FirebaseDatabaseSwift */; };
		31C9468E2BC3DFE4003ACF12 /* FirebaseFirestore in Frameworks */ = {isa = PBXBuildFile; productRef = 31C9468D2BC3DFE4003ACF12 /* FirebaseFirestore */; };
		31C946902BC3DFE4003ACF12 /* FirebaseFirestoreSwift in Frameworks */ = {isa = PBXBuildFile; productRef = 31C9468F2BC3DFE4003ACF12 /* FirebaseFirestoreSwift */; };
		31C946922BC3DFE4003ACF12 /* FirebaseFunctions in Frameworks */ = {isa = PBXBuildFile; productRef = 31C946912BC3DFE4003ACF12 /* FirebaseFunctions */; };
		31C946942BC3DFE4003ACF12 /* FirebaseInstallations in Frameworks */ = {isa = PBXBuildFile; productRef = 31C946932BC3DFE4003ACF12 /* FirebaseInstallations */; };
		31C946962BC3DFE4003ACF12 /* FirebaseMessaging in Frameworks */ = {isa = PBXBuildFile; productRef = 31C946952BC3DFE4003ACF12 /* FirebaseMessaging */; };
		31C946982BC3DFE4003ACF12 /* FirebaseStorage in Frameworks */ = {isa = PBXBuildFile; productRef = 31C946972BC3DFE4003ACF12 /* FirebaseStorage */; };
		31E9E8612BC77CAD00DA41EB /* MyAccountView.swift in Sources */ = {isa = PBXBuildFile; fileRef = 31E9E8602BC77CAD00DA41EB /* MyAccountView.swift */; };
		31E9E8632BCA581400DA41EB /* AdminView.swift in Sources */ = {isa = PBXBuildFile; fileRef = 31E9E8622BCA581300DA41EB /* AdminView.swift */; };
		5F9C667A2BCFF30E006974DC /* Services.swift in Sources */ = {isa = PBXBuildFile; fileRef = 5F9C66792BCFF30E006974DC /* Services.swift */; };
		5F9C667C2BCFF489006974DC /* ServicesItem.swift in Sources */ = {isa = PBXBuildFile; fileRef = 5F9C667B2BCFF489006974DC /* ServicesItem.swift */; };
		5F9C667E2BCFF856006974DC /* ServicesView.swift in Sources */ = {isa = PBXBuildFile; fileRef = 5F9C667D2BCFF856006974DC /* ServicesView.swift */; };
		5F9C66802BD272FC006974DC /* Bookings.swift in Sources */ = {isa = PBXBuildFile; fileRef = 5F9C667F2BD272FC006974DC /* Bookings.swift */; };
		5F9C66822BD2742C006974DC /* InfoBookingsViewModel.swift in Sources */ = {isa = PBXBuildFile; fileRef = 5F9C66812BD2742C006974DC /* InfoBookingsViewModel.swift */; };
		5F9C66842BD274F0006974DC /* BookingDetailsViewModel.swift in Sources */ = {isa = PBXBuildFile; fileRef = 5F9C66832BD274F0006974DC /* BookingDetailsViewModel.swift */; };
/* End PBXBuildFile section */

/* Begin PBXContainerItemProxy section */
		315811FF2BBF56FB00E89481 /* PBXContainerItemProxy */ = {
			isa = PBXContainerItemProxy;
			containerPortal = 315811E62BBF56E600E89481 /* Project object */;
			proxyType = 1;
			remoteGlobalIDString = 315811ED2BBF56E700E89481;
			remoteInfo = "Frisor Plus";
		};
		315812092BBF56FC00E89481 /* PBXContainerItemProxy */ = {
			isa = PBXContainerItemProxy;
			containerPortal = 315811E62BBF56E600E89481 /* Project object */;
			proxyType = 1;
			remoteGlobalIDString = 315811ED2BBF56E700E89481;
			remoteInfo = "Frisor Plus";
		};
/* End PBXContainerItemProxy section */

/* Begin PBXFileReference section */
		314C12A32BC40BDE009BC923 /* UserViewModel.swift */ = {isa = PBXFileReference; fileEncoding = 4; lastKnownFileType = sourcecode.swift; path = UserViewModel.swift; sourceTree = "<group>"; };
		314C12A42BC40BDE009BC923 /* LoginView.swift */ = {isa = PBXFileReference; fileEncoding = 4; lastKnownFileType = sourcecode.swift; path = LoginView.swift; sourceTree = "<group>"; };
		314C12A52BC40BDE009BC923 /* CreateAccountView.swift */ = {isa = PBXFileReference; fileEncoding = 4; lastKnownFileType = sourcecode.swift; path = CreateAccountView.swift; sourceTree = "<group>"; };
		314C12A62BC40BDE009BC923 /* User.swift */ = {isa = PBXFileReference; fileEncoding = 4; lastKnownFileType = sourcecode.swift; path = User.swift; sourceTree = "<group>"; };
		315811EE2BBF56E700E89481 /* Frisor Plus.app */ = {isa = PBXFileReference; explicitFileType = wrapper.application; includeInIndex = 0; path = "Frisor Plus.app"; sourceTree = BUILT_PRODUCTS_DIR; };
		315811F12BBF56E700E89481 /* Frisor_PlusApp.swift */ = {isa = PBXFileReference; lastKnownFileType = sourcecode.swift; path = Frisor_PlusApp.swift; sourceTree = "<group>"; };
		315811F32BBF56E700E89481 /* ContentView.swift */ = {isa = PBXFileReference; lastKnownFileType = sourcecode.swift; path = ContentView.swift; sourceTree = "<group>"; };
		315811F52BBF56F900E89481 /* Assets.xcassets */ = {isa = PBXFileReference; lastKnownFileType = folder.assetcatalog; path = Assets.xcassets; sourceTree = "<group>"; };
		315811F82BBF56F900E89481 /* Preview Assets.xcassets */ = {isa = PBXFileReference; lastKnownFileType = folder.assetcatalog; path = "Preview Assets.xcassets"; sourceTree = "<group>"; };
		315811FE2BBF56FB00E89481 /* Frisor PlusTests.xctest */ = {isa = PBXFileReference; explicitFileType = wrapper.cfbundle; includeInIndex = 0; path = "Frisor PlusTests.xctest"; sourceTree = BUILT_PRODUCTS_DIR; };
		315812022BBF56FB00E89481 /* Frisor_PlusTests.swift */ = {isa = PBXFileReference; lastKnownFileType = sourcecode.swift; path = Frisor_PlusTests.swift; sourceTree = "<group>"; };
		315812082BBF56FC00E89481 /* Frisor PlusUITests.xctest */ = {isa = PBXFileReference; explicitFileType = wrapper.cfbundle; includeInIndex = 0; path = "Frisor PlusUITests.xctest"; sourceTree = BUILT_PRODUCTS_DIR; };
		3158120C2BBF56FC00E89481 /* Frisor_PlusUITests.swift */ = {isa = PBXFileReference; lastKnownFileType = sourcecode.swift; path = Frisor_PlusUITests.swift; sourceTree = "<group>"; };
		3158120E2BBF56FC00E89481 /* Frisor_PlusUITestsLaunchTests.swift */ = {isa = PBXFileReference; lastKnownFileType = sourcecode.swift; path = Frisor_PlusUITestsLaunchTests.swift; sourceTree = "<group>"; };
		31C946822BC3DEB4003ACF12 /* GoogleService-Info.plist */ = {isa = PBXFileReference; fileEncoding = 4; lastKnownFileType = text.plist.xml; path = "GoogleService-Info.plist"; sourceTree = "<group>"; };
		31E9E8602BC77CAD00DA41EB /* MyAccountView.swift */ = {isa = PBXFileReference; lastKnownFileType = sourcecode.swift; path = MyAccountView.swift; sourceTree = "<group>"; };
		31E9E8622BCA581300DA41EB /* AdminView.swift */ = {isa = PBXFileReference; lastKnownFileType = sourcecode.swift; path = AdminView.swift; sourceTree = "<group>"; };
		5F9C66792BCFF30E006974DC /* Services.swift */ = {isa = PBXFileReference; lastKnownFileType = sourcecode.swift; path = Services.swift; sourceTree = "<group>"; };
		5F9C667B2BCFF489006974DC /* ServicesItem.swift */ = {isa = PBXFileReference; lastKnownFileType = sourcecode.swift; path = ServicesItem.swift; sourceTree = "<group>"; };
		5F9C667D2BCFF856006974DC /* ServicesView.swift */ = {isa = PBXFileReference; lastKnownFileType = sourcecode.swift; path = ServicesView.swift; sourceTree = "<group>"; };
		5F9C667F2BD272FC006974DC /* Bookings.swift */ = {isa = PBXFileReference; lastKnownFileType = sourcecode.swift; path = Bookings.swift; sourceTree = "<group>"; };
		5F9C66812BD2742C006974DC /* InfoBookingsViewModel.swift */ = {isa = PBXFileReference; lastKnownFileType = sourcecode.swift; path = InfoBookingsViewModel.swift; sourceTree = "<group>"; };
		5F9C66832BD274F0006974DC /* BookingDetailsViewModel.swift */ = {isa = PBXFileReference; lastKnownFileType = sourcecode.swift; path = BookingDetailsViewModel.swift; sourceTree = "<group>"; };
/* End PBXFileReference section */

/* Begin PBXFrameworksBuildPhase section */
		315811EB2BBF56E700E89481 /* Frameworks */ = {
			isa = PBXFrameworksBuildPhase;
			buildActionMask = 2147483647;
			files = (
				31C946962BC3DFE4003ACF12 /* FirebaseMessaging in Frameworks */,
				31C9468C2BC3DFE4003ACF12 /* FirebaseDatabaseSwift in Frameworks */,
				31C946922BC3DFE4003ACF12 /* FirebaseFunctions in Frameworks */,
				31C946982BC3DFE4003ACF12 /* FirebaseStorage in Frameworks */,
				31C9468A2BC3DFE4003ACF12 /* FirebaseDatabase in Frameworks */,
				31C946942BC3DFE4003ACF12 /* FirebaseInstallations in Frameworks */,
				31C946862BC3DFE4003ACF12 /* FirebaseAnalytics in Frameworks */,
				31C9468E2BC3DFE4003ACF12 /* FirebaseFirestore in Frameworks */,
				31C946882BC3DFE4003ACF12 /* FirebaseAuth in Frameworks */,
				31C946902BC3DFE4003ACF12 /* FirebaseFirestoreSwift in Frameworks */,
			);
			runOnlyForDeploymentPostprocessing = 0;
		};
		315811FB2BBF56FB00E89481 /* Frameworks */ = {
			isa = PBXFrameworksBuildPhase;
			buildActionMask = 2147483647;
			files = (
			);
			runOnlyForDeploymentPostprocessing = 0;
		};
		315812052BBF56FC00E89481 /* Frameworks */ = {
			isa = PBXFrameworksBuildPhase;
			buildActionMask = 2147483647;
			files = (
			);
			runOnlyForDeploymentPostprocessing = 0;
		};
/* End PBXFrameworksBuildPhase section */

/* Begin PBXGroup section */
		315811E52BBF56E600E89481 = {
			isa = PBXGroup;
			children = (
				315811F02BBF56E700E89481 /* Frisor Plus */,
				315812012BBF56FB00E89481 /* Frisor PlusTests */,
				3158120B2BBF56FC00E89481 /* Frisor PlusUITests */,
				315811EF2BBF56E700E89481 /* Products */,
			);
			sourceTree = "<group>";
		};
		315811EF2BBF56E700E89481 /* Products */ = {
			isa = PBXGroup;
			children = (
				315811EE2BBF56E700E89481 /* Frisor Plus.app */,
				315811FE2BBF56FB00E89481 /* Frisor PlusTests.xctest */,
				315812082BBF56FC00E89481 /* Frisor PlusUITests.xctest */,
			);
			name = Products;
			sourceTree = "<group>";
		};
		315811F02BBF56E700E89481 /* Frisor Plus */ = {
			isa = PBXGroup;
			children = (
				31E9E85F2BC774A100DA41EB /* ViewModels */,
				31E9E85E2BC7748400DA41EB /* Models */,
				31E9E85D2BC7744E00DA41EB /* Views */,
				315811F12BBF56E700E89481 /* Frisor_PlusApp.swift */,
				31C946822BC3DEB4003ACF12 /* GoogleService-Info.plist */,
				315811F52BBF56F900E89481 /* Assets.xcassets */,
				315811F72BBF56F900E89481 /* Preview Content */,
			);
			path = "Frisor Plus";
			sourceTree = "<group>";
		};
		315811F72BBF56F900E89481 /* Preview Content */ = {
			isa = PBXGroup;
			children = (
				315811F82BBF56F900E89481 /* Preview Assets.xcassets */,
			);
			path = "Preview Content";
			sourceTree = "<group>";
		};
		315812012BBF56FB00E89481 /* Frisor PlusTests */ = {
			isa = PBXGroup;
			children = (
				315812022BBF56FB00E89481 /* Frisor_PlusTests.swift */,
			);
			path = "Frisor PlusTests";
			sourceTree = "<group>";
		};
		3158120B2BBF56FC00E89481 /* Frisor PlusUITests */ = {
			isa = PBXGroup;
			children = (
				3158120C2BBF56FC00E89481 /* Frisor_PlusUITests.swift */,
				3158120E2BBF56FC00E89481 /* Frisor_PlusUITestsLaunchTests.swift */,
			);
			path = "Frisor PlusUITests";
			sourceTree = "<group>";
		};
		31E9E85D2BC7744E00DA41EB /* Views */ = {
			isa = PBXGroup;
			children = (
				314C12A52BC40BDE009BC923 /* CreateAccountView.swift */,
				315811F32BBF56E700E89481 /* ContentView.swift */,
				314C12A42BC40BDE009BC923 /* LoginView.swift */,
				31E9E8602BC77CAD00DA41EB /* MyAccountView.swift */,
				31E9E8622BCA581300DA41EB /* AdminView.swift */,
				5F9C667D2BCFF856006974DC /* ServicesView.swift */,
			);
			path = Views;
			sourceTree = "<group>";
		};
		31E9E85E2BC7748400DA41EB /* Models */ = {
			isa = PBXGroup;
			children = (
				314C12A62BC40BDE009BC923 /* User.swift */,
				5F9C66792BCFF30E006974DC /* Services.swift */,
				5F9C667B2BCFF489006974DC /* ServicesItem.swift */,
				5F9C667F2BD272FC006974DC /* Bookings.swift */,
			);
			path = Models;
			sourceTree = "<group>";
		};
		31E9E85F2BC774A100DA41EB /* ViewModels */ = {
			isa = PBXGroup;
			children = (
				314C12A32BC40BDE009BC923 /* UserViewModel.swift */,
				5F9C66812BD2742C006974DC /* InfoBookingsViewModel.swift */,
				5F9C66832BD274F0006974DC /* BookingDetailsViewModel.swift */,
			);
			path = ViewModels;
			sourceTree = "<group>";
		};
/* End PBXGroup section */

/* Begin PBXNativeTarget section */
		315811ED2BBF56E700E89481 /* Frisor Plus */ = {
			isa = PBXNativeTarget;
			buildConfigurationList = 315812122BBF56FC00E89481 /* Build configuration list for PBXNativeTarget "Frisor Plus" */;
			buildPhases = (
				315811EA2BBF56E700E89481 /* Sources */,
				315811EB2BBF56E700E89481 /* Frameworks */,
				315811EC2BBF56E700E89481 /* Resources */,
			);
			buildRules = (
			);
			dependencies = (
			);
			name = "Frisor Plus";
			packageProductDependencies = (
				31C946852BC3DFE4003ACF12 /* FirebaseAnalytics */,
				31C946872BC3DFE4003ACF12 /* FirebaseAuth */,
				31C946892BC3DFE4003ACF12 /* FirebaseDatabase */,
				31C9468B2BC3DFE4003ACF12 /* FirebaseDatabaseSwift */,
				31C9468D2BC3DFE4003ACF12 /* FirebaseFirestore */,
				31C9468F2BC3DFE4003ACF12 /* FirebaseFirestoreSwift */,
				31C946912BC3DFE4003ACF12 /* FirebaseFunctions */,
				31C946932BC3DFE4003ACF12 /* FirebaseInstallations */,
				31C946952BC3DFE4003ACF12 /* FirebaseMessaging */,
				31C946972BC3DFE4003ACF12 /* FirebaseStorage */,
			);
			productName = "Frisor Plus";
			productReference = 315811EE2BBF56E700E89481 /* Frisor Plus.app */;
			productType = "com.apple.product-type.application";
		};
		315811FD2BBF56FB00E89481 /* Frisor PlusTests */ = {
			isa = PBXNativeTarget;
			buildConfigurationList = 315812152BBF56FC00E89481 /* Build configuration list for PBXNativeTarget "Frisor PlusTests" */;
			buildPhases = (
				315811FA2BBF56FB00E89481 /* Sources */,
				315811FB2BBF56FB00E89481 /* Frameworks */,
				315811FC2BBF56FB00E89481 /* Resources */,
			);
			buildRules = (
			);
			dependencies = (
				315812002BBF56FB00E89481 /* PBXTargetDependency */,
			);
			name = "Frisor PlusTests";
			productName = "Frisor PlusTests";
			productReference = 315811FE2BBF56FB00E89481 /* Frisor PlusTests.xctest */;
			productType = "com.apple.product-type.bundle.unit-test";
		};
		315812072BBF56FC00E89481 /* Frisor PlusUITests */ = {
			isa = PBXNativeTarget;
			buildConfigurationList = 315812182BBF56FC00E89481 /* Build configuration list for PBXNativeTarget "Frisor PlusUITests" */;
			buildPhases = (
				315812042BBF56FC00E89481 /* Sources */,
				315812052BBF56FC00E89481 /* Frameworks */,
				315812062BBF56FC00E89481 /* Resources */,
			);
			buildRules = (
			);
			dependencies = (
				3158120A2BBF56FC00E89481 /* PBXTargetDependency */,
			);
			name = "Frisor PlusUITests";
			productName = "Frisor PlusUITests";
			productReference = 315812082BBF56FC00E89481 /* Frisor PlusUITests.xctest */;
			productType = "com.apple.product-type.bundle.ui-testing";
		};
/* End PBXNativeTarget section */

/* Begin PBXProject section */
		315811E62BBF56E600E89481 /* Project object */ = {
			isa = PBXProject;
			attributes = {
				BuildIndependentTargetsInParallel = 1;
				LastSwiftUpdateCheck = 1430;
				LastUpgradeCheck = 1430;
				TargetAttributes = {
					315811ED2BBF56E700E89481 = {
						CreatedOnToolsVersion = 14.3.1;
					};
					315811FD2BBF56FB00E89481 = {
						CreatedOnToolsVersion = 14.3.1;
						TestTargetID = 315811ED2BBF56E700E89481;
					};
					315812072BBF56FC00E89481 = {
						CreatedOnToolsVersion = 14.3.1;
						TestTargetID = 315811ED2BBF56E700E89481;
					};
				};
			};
			buildConfigurationList = 315811E92BBF56E600E89481 /* Build configuration list for PBXProject "Frisor Plus" */;
			compatibilityVersion = "Xcode 14.0";
			developmentRegion = en;
			hasScannedForEncodings = 0;
			knownRegions = (
				en,
				Base,
			);
			mainGroup = 315811E52BBF56E600E89481;
			packageReferences = (
				31C946842BC3DFE4003ACF12 /* XCRemoteSwiftPackageReference "firebase-ios-sdk" */,
			);
			productRefGroup = 315811EF2BBF56E700E89481 /* Products */;
			projectDirPath = "";
			projectRoot = "";
			targets = (
				315811ED2BBF56E700E89481 /* Frisor Plus */,
				315811FD2BBF56FB00E89481 /* Frisor PlusTests */,
				315812072BBF56FC00E89481 /* Frisor PlusUITests */,
			);
		};
/* End PBXProject section */

/* Begin PBXResourcesBuildPhase section */
		315811EC2BBF56E700E89481 /* Resources */ = {
			isa = PBXResourcesBuildPhase;
			buildActionMask = 2147483647;
			files = (
				315811F92BBF56F900E89481 /* Preview Assets.xcassets in Resources */,
				31C946832BC3DEB4003ACF12 /* GoogleService-Info.plist in Resources */,
				315811F62BBF56F900E89481 /* Assets.xcassets in Resources */,
			);
			runOnlyForDeploymentPostprocessing = 0;
		};
		315811FC2BBF56FB00E89481 /* Resources */ = {
			isa = PBXResourcesBuildPhase;
			buildActionMask = 2147483647;
			files = (
			);
			runOnlyForDeploymentPostprocessing = 0;
		};
		315812062BBF56FC00E89481 /* Resources */ = {
			isa = PBXResourcesBuildPhase;
			buildActionMask = 2147483647;
			files = (
			);
			runOnlyForDeploymentPostprocessing = 0;
		};
/* End PBXResourcesBuildPhase section */

/* Begin PBXSourcesBuildPhase section */
		315811EA2BBF56E700E89481 /* Sources */ = {
			isa = PBXSourcesBuildPhase;
			buildActionMask = 2147483647;
			files = (
				315811F42BBF56E700E89481 /* ContentView.swift in Sources */,
				5F9C66802BD272FC006974DC /* Bookings.swift in Sources */,
				314C12A72BC40BDE009BC923 /* UserViewModel.swift in Sources */,
				314C12AA2BC40BDE009BC923 /* User.swift in Sources */,
				31E9E8612BC77CAD00DA41EB /* MyAccountView.swift in Sources */,
				5F9C66842BD274F0006974DC /* BookingDetailsViewModel.swift in Sources */,
				5F9C667E2BCFF856006974DC /* ServicesView.swift in Sources */,
				314C12A82BC40BDE009BC923 /* LoginView.swift in Sources */,
				315811F22BBF56E700E89481 /* Frisor_PlusApp.swift in Sources */,
				31E9E8632BCA581400DA41EB /* AdminView.swift in Sources */,
				5F9C667A2BCFF30E006974DC /* Services.swift in Sources */,
				5F9C66822BD2742C006974DC /* InfoBookingsViewModel.swift in Sources */,
				5F9C667C2BCFF489006974DC /* ServicesItem.swift in Sources */,
				314C12A92BC40BDE009BC923 /* CreateAccountView.swift in Sources */,
			);
			runOnlyForDeploymentPostprocessing = 0;
		};
		315811FA2BBF56FB00E89481 /* Sources */ = {
			isa = PBXSourcesBuildPhase;
			buildActionMask = 2147483647;
			files = (
				315812032BBF56FB00E89481 /* Frisor_PlusTests.swift in Sources */,
			);
			runOnlyForDeploymentPostprocessing = 0;
		};
		315812042BBF56FC00E89481 /* Sources */ = {
			isa = PBXSourcesBuildPhase;
			buildActionMask = 2147483647;
			files = (
				3158120D2BBF56FC00E89481 /* Frisor_PlusUITests.swift in Sources */,
				3158120F2BBF56FC00E89481 /* Frisor_PlusUITestsLaunchTests.swift in Sources */,
			);
			runOnlyForDeploymentPostprocessing = 0;
		};
/* End PBXSourcesBuildPhase section */

/* Begin PBXTargetDependency section */
		315812002BBF56FB00E89481 /* PBXTargetDependency */ = {
			isa = PBXTargetDependency;
			target = 315811ED2BBF56E700E89481 /* Frisor Plus */;
			targetProxy = 315811FF2BBF56FB00E89481 /* PBXContainerItemProxy */;
		};
		3158120A2BBF56FC00E89481 /* PBXTargetDependency */ = {
			isa = PBXTargetDependency;
			target = 315811ED2BBF56E700E89481 /* Frisor Plus */;
			targetProxy = 315812092BBF56FC00E89481 /* PBXContainerItemProxy */;
		};
/* End PBXTargetDependency section */

/* Begin XCBuildConfiguration section */
		315812102BBF56FC00E89481 /* Debug */ = {
			isa = XCBuildConfiguration;
			buildSettings = {
				ALWAYS_SEARCH_USER_PATHS = NO;
				CLANG_ANALYZER_NONNULL = YES;
				CLANG_ANALYZER_NUMBER_OBJECT_CONVERSION = YES_AGGRESSIVE;
				CLANG_CXX_LANGUAGE_STANDARD = "gnu++20";
				CLANG_ENABLE_MODULES = YES;
				CLANG_ENABLE_OBJC_ARC = YES;
				CLANG_ENABLE_OBJC_WEAK = YES;
				CLANG_WARN_BLOCK_CAPTURE_AUTORELEASING = YES;
				CLANG_WARN_BOOL_CONVERSION = YES;
				CLANG_WARN_COMMA = YES;
				CLANG_WARN_CONSTANT_CONVERSION = YES;
				CLANG_WARN_DEPRECATED_OBJC_IMPLEMENTATIONS = YES;
				CLANG_WARN_DIRECT_OBJC_ISA_USAGE = YES_ERROR;
				CLANG_WARN_DOCUMENTATION_COMMENTS = YES;
				CLANG_WARN_EMPTY_BODY = YES;
				CLANG_WARN_ENUM_CONVERSION = YES;
				CLANG_WARN_INFINITE_RECURSION = YES;
				CLANG_WARN_INT_CONVERSION = YES;
				CLANG_WARN_NON_LITERAL_NULL_CONVERSION = YES;
				CLANG_WARN_OBJC_IMPLICIT_RETAIN_SELF = YES;
				CLANG_WARN_OBJC_LITERAL_CONVERSION = YES;
				CLANG_WARN_OBJC_ROOT_CLASS = YES_ERROR;
				CLANG_WARN_QUOTED_INCLUDE_IN_FRAMEWORK_HEADER = YES;
				CLANG_WARN_RANGE_LOOP_ANALYSIS = YES;
				CLANG_WARN_STRICT_PROTOTYPES = YES;
				CLANG_WARN_SUSPICIOUS_MOVE = YES;
				CLANG_WARN_UNGUARDED_AVAILABILITY = YES_AGGRESSIVE;
				CLANG_WARN_UNREACHABLE_CODE = YES;
				CLANG_WARN__DUPLICATE_METHOD_MATCH = YES;
				COPY_PHASE_STRIP = NO;
				DEBUG_INFORMATION_FORMAT = dwarf;
				ENABLE_STRICT_OBJC_MSGSEND = YES;
				ENABLE_TESTABILITY = YES;
				GCC_C_LANGUAGE_STANDARD = gnu11;
				GCC_DYNAMIC_NO_PIC = NO;
				GCC_NO_COMMON_BLOCKS = YES;
				GCC_OPTIMIZATION_LEVEL = 0;
				GCC_PREPROCESSOR_DEFINITIONS = (
					"DEBUG=1",
					"$(inherited)",
				);
				GCC_WARN_64_TO_32_BIT_CONVERSION = YES;
				GCC_WARN_ABOUT_RETURN_TYPE = YES_ERROR;
				GCC_WARN_UNDECLARED_SELECTOR = YES;
				GCC_WARN_UNINITIALIZED_AUTOS = YES_AGGRESSIVE;
				GCC_WARN_UNUSED_FUNCTION = YES;
				GCC_WARN_UNUSED_VARIABLE = YES;
				IPHONEOS_DEPLOYMENT_TARGET = 16.4;
				MTL_ENABLE_DEBUG_INFO = INCLUDE_SOURCE;
				MTL_FAST_MATH = YES;
				ONLY_ACTIVE_ARCH = YES;
				SDKROOT = iphoneos;
				SWIFT_ACTIVE_COMPILATION_CONDITIONS = DEBUG;
				SWIFT_OPTIMIZATION_LEVEL = "-Onone";
			};
			name = Debug;
		};
		315812112BBF56FC00E89481 /* Release */ = {
			isa = XCBuildConfiguration;
			buildSettings = {
				ALWAYS_SEARCH_USER_PATHS = NO;
				CLANG_ANALYZER_NONNULL = YES;
				CLANG_ANALYZER_NUMBER_OBJECT_CONVERSION = YES_AGGRESSIVE;
				CLANG_CXX_LANGUAGE_STANDARD = "gnu++20";
				CLANG_ENABLE_MODULES = YES;
				CLANG_ENABLE_OBJC_ARC = YES;
				CLANG_ENABLE_OBJC_WEAK = YES;
				CLANG_WARN_BLOCK_CAPTURE_AUTORELEASING = YES;
				CLANG_WARN_BOOL_CONVERSION = YES;
				CLANG_WARN_COMMA = YES;
				CLANG_WARN_CONSTANT_CONVERSION = YES;
				CLANG_WARN_DEPRECATED_OBJC_IMPLEMENTATIONS = YES;
				CLANG_WARN_DIRECT_OBJC_ISA_USAGE = YES_ERROR;
				CLANG_WARN_DOCUMENTATION_COMMENTS = YES;
				CLANG_WARN_EMPTY_BODY = YES;
				CLANG_WARN_ENUM_CONVERSION = YES;
				CLANG_WARN_INFINITE_RECURSION = YES;
				CLANG_WARN_INT_CONVERSION = YES;
				CLANG_WARN_NON_LITERAL_NULL_CONVERSION = YES;
				CLANG_WARN_OBJC_IMPLICIT_RETAIN_SELF = YES;
				CLANG_WARN_OBJC_LITERAL_CONVERSION = YES;
				CLANG_WARN_OBJC_ROOT_CLASS = YES_ERROR;
				CLANG_WARN_QUOTED_INCLUDE_IN_FRAMEWORK_HEADER = YES;
				CLANG_WARN_RANGE_LOOP_ANALYSIS = YES;
				CLANG_WARN_STRICT_PROTOTYPES = YES;
				CLANG_WARN_SUSPICIOUS_MOVE = YES;
				CLANG_WARN_UNGUARDED_AVAILABILITY = YES_AGGRESSIVE;
				CLANG_WARN_UNREACHABLE_CODE = YES;
				CLANG_WARN__DUPLICATE_METHOD_MATCH = YES;
				COPY_PHASE_STRIP = NO;
				DEBUG_INFORMATION_FORMAT = "dwarf-with-dsym";
				ENABLE_NS_ASSERTIONS = NO;
				ENABLE_STRICT_OBJC_MSGSEND = YES;
				GCC_C_LANGUAGE_STANDARD = gnu11;
				GCC_NO_COMMON_BLOCKS = YES;
				GCC_WARN_64_TO_32_BIT_CONVERSION = YES;
				GCC_WARN_ABOUT_RETURN_TYPE = YES_ERROR;
				GCC_WARN_UNDECLARED_SELECTOR = YES;
				GCC_WARN_UNINITIALIZED_AUTOS = YES_AGGRESSIVE;
				GCC_WARN_UNUSED_FUNCTION = YES;
				GCC_WARN_UNUSED_VARIABLE = YES;
				IPHONEOS_DEPLOYMENT_TARGET = 16.4;
				MTL_ENABLE_DEBUG_INFO = NO;
				MTL_FAST_MATH = YES;
				SDKROOT = iphoneos;
				SWIFT_COMPILATION_MODE = wholemodule;
				SWIFT_OPTIMIZATION_LEVEL = "-O";
				VALIDATE_PRODUCT = YES;
			};
			name = Release;
		};
		315812132BBF56FC00E89481 /* Debug */ = {
			isa = XCBuildConfiguration;
			buildSettings = {
				ASSETCATALOG_COMPILER_APPICON_NAME = AppIcon;
				ASSETCATALOG_COMPILER_GLOBAL_ACCENT_COLOR_NAME = AccentColor;
				CODE_SIGN_STYLE = Automatic;
				CURRENT_PROJECT_VERSION = 1;
				DEVELOPMENT_ASSET_PATHS = "\"Frisor Plus/Preview Content\"";
				DEVELOPMENT_TEAM = T99PH44743;
				ENABLE_PREVIEWS = YES;
				GENERATE_INFOPLIST_FILE = YES;
				INFOPLIST_KEY_UIApplicationSceneManifest_Generation = YES;
				INFOPLIST_KEY_UIApplicationSupportsIndirectInputEvents = YES;
				INFOPLIST_KEY_UILaunchScreen_Generation = YES;
				INFOPLIST_KEY_UISupportedInterfaceOrientations_iPad = "UIInterfaceOrientationPortrait UIInterfaceOrientationPortraitUpsideDown UIInterfaceOrientationLandscapeLeft UIInterfaceOrientationLandscapeRight";
				INFOPLIST_KEY_UISupportedInterfaceOrientations_iPhone = "UIInterfaceOrientationPortrait UIInterfaceOrientationLandscapeLeft UIInterfaceOrientationLandscapeRight";
				LD_RUNPATH_SEARCH_PATHS = (
					"$(inherited)",
					"@executable_path/Frameworks",
				);
				MARKETING_VERSION = 1.0;
				PRODUCT_BUNDLE_IDENTIFIER = "Youssef-Azroun.Frisor-Plus";
				PRODUCT_NAME = "$(TARGET_NAME)";
				SWIFT_EMIT_LOC_STRINGS = YES;
				SWIFT_VERSION = 5.0;
				TARGETED_DEVICE_FAMILY = "1,2";
			};
			name = Debug;
		};
		315812142BBF56FC00E89481 /* Release */ = {
			isa = XCBuildConfiguration;
			buildSettings = {
				ASSETCATALOG_COMPILER_APPICON_NAME = AppIcon;
				ASSETCATALOG_COMPILER_GLOBAL_ACCENT_COLOR_NAME = AccentColor;
				CODE_SIGN_STYLE = Automatic;
				CURRENT_PROJECT_VERSION = 1;
				DEVELOPMENT_ASSET_PATHS = "\"Frisor Plus/Preview Content\"";
				DEVELOPMENT_TEAM = T99PH44743;
				ENABLE_PREVIEWS = YES;
				GENERATE_INFOPLIST_FILE = YES;
				INFOPLIST_KEY_UIApplicationSceneManifest_Generation = YES;
				INFOPLIST_KEY_UIApplicationSupportsIndirectInputEvents = YES;
				INFOPLIST_KEY_UILaunchScreen_Generation = YES;
				INFOPLIST_KEY_UISupportedInterfaceOrientations_iPad = "UIInterfaceOrientationPortrait UIInterfaceOrientationPortraitUpsideDown UIInterfaceOrientationLandscapeLeft UIInterfaceOrientationLandscapeRight";
				INFOPLIST_KEY_UISupportedInterfaceOrientations_iPhone = "UIInterfaceOrientationPortrait UIInterfaceOrientationLandscapeLeft UIInterfaceOrientationLandscapeRight";
				LD_RUNPATH_SEARCH_PATHS = (
					"$(inherited)",
					"@executable_path/Frameworks",
				);
				MARKETING_VERSION = 1.0;
				PRODUCT_BUNDLE_IDENTIFIER = "Youssef-Azroun.Frisor-Plus";
				PRODUCT_NAME = "$(TARGET_NAME)";
				SWIFT_EMIT_LOC_STRINGS = YES;
				SWIFT_VERSION = 5.0;
				TARGETED_DEVICE_FAMILY = "1,2";
			};
			name = Release;
		};
		315812162BBF56FC00E89481 /* Debug */ = {
			isa = XCBuildConfiguration;
			buildSettings = {
				ALWAYS_EMBED_SWIFT_STANDARD_LIBRARIES = YES;
				BUNDLE_LOADER = "$(TEST_HOST)";
				CODE_SIGN_STYLE = Automatic;
				CURRENT_PROJECT_VERSION = 1;
				GENERATE_INFOPLIST_FILE = YES;
				IPHONEOS_DEPLOYMENT_TARGET = 16.4;
				MARKETING_VERSION = 1.0;
				PRODUCT_BUNDLE_IDENTIFIER = "Youssef-Azroun.Frisor-PlusTests";
				PRODUCT_NAME = "$(TARGET_NAME)";
				SWIFT_EMIT_LOC_STRINGS = NO;
				SWIFT_VERSION = 5.0;
				TARGETED_DEVICE_FAMILY = "1,2";
				TEST_HOST = "$(BUILT_PRODUCTS_DIR)/Frisor Plus.app/$(BUNDLE_EXECUTABLE_FOLDER_PATH)/Frisor Plus";
			};
			name = Debug;
		};
		315812172BBF56FC00E89481 /* Release */ = {
			isa = XCBuildConfiguration;
			buildSettings = {
				ALWAYS_EMBED_SWIFT_STANDARD_LIBRARIES = YES;
				BUNDLE_LOADER = "$(TEST_HOST)";
				CODE_SIGN_STYLE = Automatic;
				CURRENT_PROJECT_VERSION = 1;
				GENERATE_INFOPLIST_FILE = YES;
				IPHONEOS_DEPLOYMENT_TARGET = 16.4;
				MARKETING_VERSION = 1.0;
				PRODUCT_BUNDLE_IDENTIFIER = "Youssef-Azroun.Frisor-PlusTests";
				PRODUCT_NAME = "$(TARGET_NAME)";
				SWIFT_EMIT_LOC_STRINGS = NO;
				SWIFT_VERSION = 5.0;
				TARGETED_DEVICE_FAMILY = "1,2";
				TEST_HOST = "$(BUILT_PRODUCTS_DIR)/Frisor Plus.app/$(BUNDLE_EXECUTABLE_FOLDER_PATH)/Frisor Plus";
			};
			name = Release;
		};
		315812192BBF56FC00E89481 /* Debug */ = {
			isa = XCBuildConfiguration;
			buildSettings = {
				ALWAYS_EMBED_SWIFT_STANDARD_LIBRARIES = YES;
				CODE_SIGN_STYLE = Automatic;
				CURRENT_PROJECT_VERSION = 1;
				GENERATE_INFOPLIST_FILE = YES;
				MARKETING_VERSION = 1.0;
				PRODUCT_BUNDLE_IDENTIFIER = "Youssef-Azroun.Frisor-PlusUITests";
				PRODUCT_NAME = "$(TARGET_NAME)";
				SWIFT_EMIT_LOC_STRINGS = NO;
				SWIFT_VERSION = 5.0;
				TARGETED_DEVICE_FAMILY = "1,2";
				TEST_TARGET_NAME = "Frisor Plus";
			};
			name = Debug;
		};
		3158121A2BBF56FC00E89481 /* Release */ = {
			isa = XCBuildConfiguration;
			buildSettings = {
				ALWAYS_EMBED_SWIFT_STANDARD_LIBRARIES = YES;
				CODE_SIGN_STYLE = Automatic;
				CURRENT_PROJECT_VERSION = 1;
				GENERATE_INFOPLIST_FILE = YES;
				MARKETING_VERSION = 1.0;
				PRODUCT_BUNDLE_IDENTIFIER = "Youssef-Azroun.Frisor-PlusUITests";
				PRODUCT_NAME = "$(TARGET_NAME)";
				SWIFT_EMIT_LOC_STRINGS = NO;
				SWIFT_VERSION = 5.0;
				TARGETED_DEVICE_FAMILY = "1,2";
				TEST_TARGET_NAME = "Frisor Plus";
			};
			name = Release;
		};
/* End XCBuildConfiguration section */

/* Begin XCConfigurationList section */
		315811E92BBF56E600E89481 /* Build configuration list for PBXProject "Frisor Plus" */ = {
			isa = XCConfigurationList;
			buildConfigurations = (
				315812102BBF56FC00E89481 /* Debug */,
				315812112BBF56FC00E89481 /* Release */,
			);
			defaultConfigurationIsVisible = 0;
			defaultConfigurationName = Release;
		};
		315812122BBF56FC00E89481 /* Build configuration list for PBXNativeTarget "Frisor Plus" */ = {
			isa = XCConfigurationList;
			buildConfigurations = (
				315812132BBF56FC00E89481 /* Debug */,
				315812142BBF56FC00E89481 /* Release */,
			);
			defaultConfigurationIsVisible = 0;
			defaultConfigurationName = Release;
		};
		315812152BBF56FC00E89481 /* Build configuration list for PBXNativeTarget "Frisor PlusTests" */ = {
			isa = XCConfigurationList;
			buildConfigurations = (
				315812162BBF56FC00E89481 /* Debug */,
				315812172BBF56FC00E89481 /* Release */,
			);
			defaultConfigurationIsVisible = 0;
			defaultConfigurationName = Release;
		};
		315812182BBF56FC00E89481 /* Build configuration list for PBXNativeTarget "Frisor PlusUITests" */ = {
			isa = XCConfigurationList;
			buildConfigurations = (
				315812192BBF56FC00E89481 /* Debug */,
				3158121A2BBF56FC00E89481 /* Release */,
			);
			defaultConfigurationIsVisible = 0;
			defaultConfigurationName = Release;
		};
/* End XCConfigurationList section */

/* Begin XCRemoteSwiftPackageReference section */
		31C946842BC3DFE4003ACF12 /* XCRemoteSwiftPackageReference "firebase-ios-sdk" */ = {
			isa = XCRemoteSwiftPackageReference;
			repositoryURL = "https://github.com/firebase/firebase-ios-sdk";
			requirement = {
				kind = upToNextMajorVersion;
				minimumVersion = 10.0.0;
			};
		};
/* End XCRemoteSwiftPackageReference section */

/* Begin XCSwiftPackageProductDependency section */
		31C946852BC3DFE4003ACF12 /* FirebaseAnalytics */ = {
			isa = XCSwiftPackageProductDependency;
			package = 31C946842BC3DFE4003ACF12 /* XCRemoteSwiftPackageReference "firebase-ios-sdk" */;
			productName = FirebaseAnalytics;
		};
		31C946872BC3DFE4003ACF12 /* FirebaseAuth */ = {
			isa = XCSwiftPackageProductDependency;
			package = 31C946842BC3DFE4003ACF12 /* XCRemoteSwiftPackageReference "firebase-ios-sdk" */;
			productName = FirebaseAuth;
		};
		31C946892BC3DFE4003ACF12 /* FirebaseDatabase */ = {
			isa = XCSwiftPackageProductDependency;
			package = 31C946842BC3DFE4003ACF12 /* XCRemoteSwiftPackageReference "firebase-ios-sdk" */;
			productName = FirebaseDatabase;
		};
		31C9468B2BC3DFE4003ACF12 /* FirebaseDatabaseSwift */ = {
			isa = XCSwiftPackageProductDependency;
			package = 31C946842BC3DFE4003ACF12 /* XCRemoteSwiftPackageReference "firebase-ios-sdk" */;
			productName = FirebaseDatabaseSwift;
		};
		31C9468D2BC3DFE4003ACF12 /* FirebaseFirestore */ = {
			isa = XCSwiftPackageProductDependency;
			package = 31C946842BC3DFE4003ACF12 /* XCRemoteSwiftPackageReference "firebase-ios-sdk" */;
			productName = FirebaseFirestore;
		};
		31C9468F2BC3DFE4003ACF12 /* FirebaseFirestoreSwift */ = {
			isa = XCSwiftPackageProductDependency;
			package = 31C946842BC3DFE4003ACF12 /* XCRemoteSwiftPackageReference "firebase-ios-sdk" */;
			productName = FirebaseFirestoreSwift;
		};
		31C946912BC3DFE4003ACF12 /* FirebaseFunctions */ = {
			isa = XCSwiftPackageProductDependency;
			package = 31C946842BC3DFE4003ACF12 /* XCRemoteSwiftPackageReference "firebase-ios-sdk" */;
			productName = FirebaseFunctions;
		};
		31C946932BC3DFE4003ACF12 /* FirebaseInstallations */ = {
			isa = XCSwiftPackageProductDependency;
			package = 31C946842BC3DFE4003ACF12 /* XCRemoteSwiftPackageReference "firebase-ios-sdk" */;
			productName = FirebaseInstallations;
		};
		31C946952BC3DFE4003ACF12 /* FirebaseMessaging */ = {
			isa = XCSwiftPackageProductDependency;
			package = 31C946842BC3DFE4003ACF12 /* XCRemoteSwiftPackageReference "firebase-ios-sdk" */;
			productName = FirebaseMessaging;
		};
		31C946972BC3DFE4003ACF12 /* FirebaseStorage */ = {
			isa = XCSwiftPackageProductDependency;
			package = 31C946842BC3DFE4003ACF12 /* XCRemoteSwiftPackageReference "firebase-ios-sdk" */;
			productName = FirebaseStorage;
		};
/* End XCSwiftPackageProductDependency section */
	};
	rootObject = 315811E62BBF56E600E89481 /* Project object */;
}
